Microsoft Visual Studio Solution File, Format Version 12.00
# Visual Studio Version 17
VisualStudioVersion = 17.5.2.0
MinimumVisualStudioVersion = 10.0.40219.1
Project("{2150E333-8FDC-42A3-9474-1A3956D46DE8}") = "worker", "worker", "{6A5F9DDE-3B88-372A-C771-C486FF97143A}"
EndProject
Project("{FAE04EC0-301F-11D3-BF4B-00C04F79EFBC}") = "PlayniteDump", "worker\PlayniteDump\PlayniteDump.csproj", "{70247647-BC1C-5D30-7940-432BC5E22260}"
EndProject
Global
	GlobalSection(SolutionConfigurationPlatforms) = preSolution
		Debug|Any CPU = Debug|Any CPU
		Release|Any CPU = Release|Any CPU
	EndGlobalSection
	GlobalSection(ProjectConfigurationPlatforms) = postSolution
		{70247647-BC1C-5D30-7940-432BC5E22260}.Debug|Any CPU.ActiveCfg = Debug|Any CPU
		{70247647-BC1C-5D30-7940-432BC5E22260}.Debug|Any CPU.Build.0 = Debug|Any CPU
		{70247647-BC1C-5D30-7940-432BC5E22260}.Release|Any CPU.ActiveCfg = Release|Any CPU
		{70247647-BC1C-5D30-7940-432BC5E22260}.Release|Any CPU.Build.0 = Release|Any CPU
	EndGlobalSection
	GlobalSection(SolutionProperties) = preSolution
		HideSolutionNode = FALSE
	EndGlobalSection
	GlobalSection(NestedProjects) = preSolution
		{70247647-BC1C-5D30-7940-432BC5E22260} = {6A5F9DDE-3B88-372A-C771-C486FF97143A}
	EndGlobalSection
	GlobalSection(ExtensibilityGlobals) = postSolution
		SolutionGuid = {57F57C1C-FE8B-4A22-A6C1-0E964E17CEA8}
	EndGlobalSection
EndGlobal
